
Microsoft Visual Studio Solution File, Format Version 12.00
# Visual Studio 15
VisualStudioVersion = 15.0.28010.2046
MinimumVisualStudioVersion = 10.0.40219.1
Project("{FAE04EC0-301F-11D3-BF4B-00C04F79EFBC}") = "GameShop", "GameShop\GameShop.csproj", "{58B9C420-6FBC-429D-B82D-0B096EC6E195}"
EndProject
Project("{FAE04EC0-301F-11D3-BF4B-00C04F79EFBC}") = "Core", "Core\Core.csproj", "{967616DC-00B9-4810-831C-7237D52A2D36}"
EndProject
Project("{FAE04EC0-301F-11D3-BF4B-00C04F79EFBC}") = "Interfaces", "Interfaces\Interfaces.csproj", "{26536127-8314-4D9C-8CCD-96ECFEEBECCC}"
EndProject
Project("{FAE04EC0-301F-11D3-BF4B-00C04F79EFBC}") = "DAOMock", "DAOMock\DAOMock.csproj", "{C3091FFC-9047-4AE9-95EE-670E701EB841}"
EndProject
Global
	GlobalSection(SolutionConfigurationPlatforms) = preSolution
		Debug|Any CPU = Debug|Any CPU
		Release|Any CPU = Release|Any CPU
	EndGlobalSection
	GlobalSection(ProjectConfigurationPlatforms) = postSolution
		{58B9C420-6FBC-429D-B82D-0B096EC6E195}.Debug|Any CPU.ActiveCfg = Debug|Any CPU
		{58B9C420-6FBC-429D-B82D-0B096EC6E195}.Debug|Any CPU.Build.0 = Debug|Any CPU
		{58B9C420-6FBC-429D-B82D-0B096EC6E195}.Release|Any CPU.ActiveCfg = Release|Any CPU
		{58B9C420-6FBC-429D-B82D-0B096EC6E195}.Release|Any CPU.Build.0 = Release|Any CPU
		{967616DC-00B9-4810-831C-7237D52A2D36}.Debug|Any CPU.ActiveCfg = Debug|Any CPU
		{967616DC-00B9-4810-831C-7237D52A2D36}.Debug|Any CPU.Build.0 = Debug|Any CPU
		{967616DC-00B9-4810-831C-7237D52A2D36}.Release|Any CPU.ActiveCfg = Release|Any CPU
		{967616DC-00B9-4810-831C-7237D52A2D36}.Release|Any CPU.Build.0 = Release|Any CPU
		{26536127-8314-4D9C-8CCD-96ECFEEBECCC}.Debug|Any CPU.ActiveCfg = Debug|Any CPU
		{26536127-8314-4D9C-8CCD-96ECFEEBECCC}.Debug|Any CPU.Build.0 = Debug|Any CPU
		{26536127-8314-4D9C-8CCD-96ECFEEBECCC}.Release|Any CPU.ActiveCfg = Release|Any CPU
		{26536127-8314-4D9C-8CCD-96ECFEEBECCC}.Release|Any CPU.Build.0 = Release|Any CPU
		{C3091FFC-9047-4AE9-95EE-670E701EB841}.Debug|Any CPU.ActiveCfg = Debug|Any CPU
		{C3091FFC-9047-4AE9-95EE-670E701EB841}.Debug|Any CPU.Build.0 = Debug|Any CPU
		{C3091FFC-9047-4AE9-95EE-670E701EB841}.Release|Any CPU.ActiveCfg = Release|Any CPU
		{C3091FFC-9047-4AE9-95EE-670E701EB841}.Release|Any CPU.Build.0 = Release|Any CPU
	EndGlobalSection
	GlobalSection(SolutionProperties) = preSolution
		HideSolutionNode = FALSE
	EndGlobalSection
	GlobalSection(ExtensibilityGlobals) = postSolution
		SolutionGuid = {5FD8B7B3-1427-4F07-BEA0-D8036DDFF745}
	EndGlobalSection
EndGlobal
